[root]
name = "rustdoc"
version = "0.0.0"
dependencies = [
 "maud 0.8.0 (registry+https://github.com/rust-lang/crates.io-index)",
 "maud-pulldown-cmark 0.1.0 (registry+https://github.com/rust-lang/crates.io-index)",
 "maud_macros 0.8.0 (registry+https://github.com/rust-lang/crates.io-index)",
 "pulldown-cmark 0.0.5 (registry+https://github.com/rust-lang/crates.io-index)",
]

[[package]]
name = "bitflags"
version = "0.3.3"
source = "registry+https://github.com/rust-lang/crates.io-index"

[[package]]
name = "getopts"
version = "0.2.14"
source = "registry+https://github.com/rust-lang/crates.io-index"

[[package]]
name = "maud"
version = "0.8.0"
source = "registry+https://github.com/rust-lang/crates.io-index"

[[package]]
name = "maud-pulldown-cmark"
version = "0.1.0"
source = "registry+https://github.com/rust-lang/crates.io-index"
dependencies = [
 "maud 0.8.0 (registry+https://github.com/rust-lang/crates.io-index)",
 "pulldown-cmark 0.0.5 (registry+https://github.com/rust-lang/crates.io-index)",
]

[[package]]
name = "maud_macros"
version = "0.8.0"
source = "registry+https://github.com/rust-lang/crates.io-index"
dependencies = [
 "maud 0.8.0 (registry+https://github.com/rust-lang/crates.io-index)",
]

[[package]]
name = "pulldown-cmark"
version = "0.0.5"
source = "registry+https://github.com/rust-lang/crates.io-index"
dependencies = [
 "bitflags 0.3.3 (registry+https://github.com/rust-lang/crates.io-index)",
 "getopts 0.2.14 (registry+https://github.com/rust-lang/crates.io-index)",
]

